// !$*UTF8*$!
{
	archiveVersion = 1;
	classes = {
	};
	objectVersion = 46;
	objects = {

/* Begin PBXBuildFile section */
		00358D321EB499C100D38573 /* AppDelegate.swift in Sources */ = {isa = PBXBuildFile; fileRef = 00358D311EB499C100D38573 /* AppDelegate.swift */; };
		00358D341EB499C100D38573 /* GameViewController.swift in Sources */ = {isa = PBXBuildFile; fileRef = 00358D331EB499C100D38573 /* GameViewController.swift */; };
		00358D371EB499C100D38573 /* Main.storyboard in Resources */ = {isa = PBXBuildFile; fileRef = 00358D351EB499C100D38573 /* Main.storyboard */; };
		00358D391EB499C100D38573 /* Assets.xcassets in Resources */ = {isa = PBXBuildFile; fileRef = 00358D381EB499C100D38573 /* Assets.xcassets */; };
		00358D3C1EB499C100D38573 /* LaunchScreen.storyboard in Resources */ = {isa = PBXBuildFile; fileRef = 00358D3A1EB499C100D38573 /* LaunchScreen.storyboard */; };
		00358D481EB4C60E00D38573 /* UIColor+Extensions.swift in Sources */ = {isa = PBXBuildFile; fileRef = 00358D471EB4C60E00D38573 /* UIColor+Extensions.swift */; };
		00A2162F1EBDC2CC0079AE30 /* MessagesUtils.swift in Sources */ = {isa = PBXBuildFile; fileRef = 00A2162E1EBDC2CC0079AE30 /* MessagesUtils.swift */; };
		00A216311EBDCF4A0079AE30 /* HeartsView.swift in Sources */ = {isa = PBXBuildFile; fileRef = 00A216301EBDCF4A0079AE30 /* HeartsView.swift */; };
		00A216331EBDD2460079AE30 /* RainingItem.swift in Sources */ = {isa = PBXBuildFile; fileRef = 00A216321EBDD2460079AE30 /* RainingItem.swift */; };
		00BE32F41EBA452500ADD880 /* PressStart2P-Regular.ttf in Resources */ = {isa = PBXBuildFile; fileRef = 00BE32F31EBA452500ADD880 /* PressStart2P-Regular.ttf */; };
		B2F04B76CAF4529CA151CCB7 /* Pods_Zboot.framework in Frameworks */ = {isa = PBXBuildFile; fileRef = D6DB47AFB86187F262484843 /* Pods_Zboot.framework */; };
/* End PBXBuildFile section */

/* Begin PBXFileReference section */
		00358D2E1EB499C100D38573 /* Zboot.app */ = {isa = PBXFileReference; explicitFileType = wrapper.application; includeInIndex = 0; path = Zboot.app; sourceTree = BUILT_PRODUCTS_DIR; };
		00358D311EB499C100D38573 /* AppDelegate.swift */ = {isa = PBXFileReference; lastKnownFileType = sourcecode.swift; path = AppDelegate.swift; sourceTree = "<group>"; };
		00358D331EB499C100D38573 /* GameViewController.swift */ = {isa = PBXFileReference; lastKnownFileType = sourcecode.swift; path = GameViewController.swift; sourceTree = "<group>"; };
		00358D361EB499C100D38573 /* Base */ = {isa = PBXFileReference; lastKnownFileType = file.storyboard; name = Base; path = Base.lproj/Main.storyboard; sourceTree = "<group>"; };
		00358D381EB499C100D38573 /* Assets.xcassets */ = {isa = PBXFileReference; lastKnownFileType = folder.assetcatalog; path = Assets.xcassets; sourceTree = "<group>"; };
		00358D3B1EB499C100D38573 /* Base */ = {isa = PBXFileReference; lastKnownFileType = file.storyboard; name = Base; path = Base.lproj/LaunchScreen.storyboard; sourceTree = "<group>"; };
		00358D3D1EB499C100D38573 /* Info.plist */ = {isa = PBXFileReference; lastKnownFileType = text.plist.xml; path = Info.plist; sourceTree = "<group>"; };
		00358D471EB4C60E00D38573 /* UIColor+Extensions.swift */ = {isa = PBXFileReference; fileEncoding = 4; lastKnownFileType = sourcecode.swift; path = "UIColor+Extensions.swift"; sourceTree = "<group>"; };
		00A2162E1EBDC2CC0079AE30 /* MessagesUtils.swift */ = {isa = PBXFileReference; fileEncoding = 4; lastKnownFileType = sourcecode.swift; path = MessagesUtils.swift; sourceTree = "<group>"; };
		00A216301EBDCF4A0079AE30 /* HeartsView.swift */ = {isa = PBXFileReference; fileEncoding = 4; lastKnownFileType = sourcecode.swift; path = HeartsView.swift; sourceTree = "<group>"; };
		00A216321EBDD2460079AE30 /* RainingItem.swift */ = {isa = PBXFileReference; fileEncoding = 4; lastKnownFileType = sourcecode.swift; path = RainingItem.swift; sourceTree = "<group>"; };
		00BE32F31EBA452500ADD880 /* PressStart2P-Regular.ttf */ = {isa = PBXFileReference; lastKnownFileType = file; path = "PressStart2P-Regular.ttf"; sourceTree = "<group>"; };
		4CA1368DBD2D16C2C33008B4 /* Pods-Zboot.release.xcconfig */ = {isa = PBXFileReference; includeInIndex = 1; lastKnownFileType = text.xcconfig; name = "Pods-Zboot.release.xcconfig"; path = "Pods/Target Support Files/Pods-Zboot/Pods-Zboot.release.xcconfig"; sourceTree = "<group>"; };
		D6DB47AFB86187F262484843 /* Pods_Zboot.framework */ = {isa = PBXFileReference; explicitFileType = wrapper.framework; includeInIndex = 0; path = Pods_Zboot.framework; sourceTree = BUILT_PRODUCTS_DIR; };
		E910DFF3E84BAFA703CEEAAB /* Pods-Zboot.debug.xcconfig */ = {isa = PBXFileReference; includeInIndex = 1; lastKnownFileType = text.xcconfig; name = "Pods-Zboot.debug.xcconfig"; path = "Pods/Target Support Files/Pods-Zboot/Pods-Zboot.debug.xcconfig"; sourceTree = "<group>"; };
/* End PBXFileReference section */

/* Begin PBXFrameworksBuildPhase section */
		00358D2B1EB499C100D38573 /* Frameworks */ = {
			isa = PBXFrameworksBuildPhase;
			buildActionMask = 2147483647;
			files = (
				B2F04B76CAF4529CA151CCB7 /* Pods_Zboot.framework in Frameworks */,
			);
			runOnlyForDeploymentPostprocessing = 0;
		};
/* End PBXFrameworksBuildPhase section */

/* Begin PBXGroup section */
		00358D251EB499C100D38573 = {
			isa = PBXGroup;
			children = (
				00358D301EB499C100D38573 /* Zboot */,
				00358D2F1EB499C100D38573 /* Products */,
				1861A33E7306424AAA87273F /* Pods */,
				E84B6AC1D124372985E208ED /* Frameworks */,
			);
			sourceTree = "<group>";
		};
		00358D2F1EB499C100D38573 /* Products */ = {
			isa = PBXGroup;
			children = (
				00358D2E1EB499C100D38573 /* Zboot.app */,
			);
			name = Products;
			sourceTree = "<group>";
		};
		00358D301EB499C100D38573 /* Zboot */ = {
			isa = PBXGroup;
			children = (
				00358D451EB4C58700D38573 /* Launch */,
				00358D431EB4C52100D38573 /* Main */,
				00358D461EB4C5F800D38573 /* Utils */,
				00358D441EB4C56300D38573 /* Supporting Files */,
				00BE32F21EBA44CD00ADD880 /* Resources */,
			);
			path = Zboot;
			sourceTree = "<group>";
		};
		00358D431EB4C52100D38573 /* Main */ = {
			isa = PBXGroup;
			children = (
				00358D351EB499C100D38573 /* Main.storyboard */,
				00358D331EB499C100D38573 /* GameViewController.swift */,
			);
			name = Main;
			sourceTree = "<group>";
		};
		00358D441EB4C56300D38573 /* Supporting Files */ = {
			isa = PBXGroup;
			children = (
				00358D311EB499C100D38573 /* AppDelegate.swift */,
				00358D381EB499C100D38573 /* Assets.xcassets */,
				00358D3D1EB499C100D38573 /* Info.plist */,
			);
			name = "Supporting Files";
			sourceTree = "<group>";
		};
		00358D451EB4C58700D38573 /* Launch */ = {
			isa = PBXGroup;
			children = (
				00358D3A1EB499C100D38573 /* LaunchScreen.storyboard */,
			);
			name = Launch;
			sourceTree = "<group>";
		};
		00358D461EB4C5F800D38573 /* Utils */ = {
			isa = PBXGroup;
			children = (
				00358D471EB4C60E00D38573 /* UIColor+Extensions.swift */,
				00A2162E1EBDC2CC0079AE30 /* MessagesUtils.swift */,
				00A216301EBDCF4A0079AE30 /* HeartsView.swift */,
				00A216321EBDD2460079AE30 /* RainingItem.swift */,
			);
			name = Utils;
			sourceTree = "<group>";
		};
		00BE32F21EBA44CD00ADD880 /* Resources */ = {
			isa = PBXGroup;
			children = (
				00BE32F31EBA452500ADD880 /* PressStart2P-Regular.ttf */,
			);
			name = Resources;
			sourceTree = "<group>";
		};
		1861A33E7306424AAA87273F /* Pods */ = {
			isa = PBXGroup;
			children = (
				E910DFF3E84BAFA703CEEAAB /* Pods-Zboot.debug.xcconfig */,
				4CA1368DBD2D16C2C33008B4 /* Pods-Zboot.release.xcconfig */,
			);
			name = Pods;
			sourceTree = "<group>";
		};
		E84B6AC1D124372985E208ED /* Frameworks */ = {
			isa = PBXGroup;
			children = (
				D6DB47AFB86187F262484843 /* Pods_Zboot.framework */,
			);
			name = Frameworks;
			sourceTree = "<group>";
		};
/* End PBXGroup section */

/* Begin PBXNativeTarget section */
		00358D2D1EB499C100D38573 /* Zboot */ = {
			isa = PBXNativeTarget;
			buildConfigurationList = 00358D401EB499C200D38573 /* Build configuration list for PBXNativeTarget "Zboot" */;
			buildPhases = (
				9ACF53800AB9EFF4715A16FE /* [CP] Check Pods Manifest.lock */,
				00358D2A1EB499C100D38573 /* Sources */,
				00358D2B1EB499C100D38573 /* Frameworks */,
				00358D2C1EB499C100D38573 /* Resources */,
				9EE6695B825936C9DA69FAEC /* [CP] Embed Pods Frameworks */,
				BB04B17396AA9ADE906AB3E9 /* [CP] Copy Pods Resources */,
			);
			buildRules = (
			);
			dependencies = (
			);
			name = Zboot;
			productName = Zboot;
			productReference = 00358D2E1EB499C100D38573 /* Zboot.app */;
			productType = "com.apple.product-type.application";
		};
/* End PBXNativeTarget section */

/* Begin PBXProject section */
		00358D261EB499C100D38573 /* Project object */ = {
			isa = PBXProject;
			attributes = {
				LastSwiftUpdateCheck = 0830;
				LastUpgradeCheck = 0830;
				ORGANIZATIONNAME = "Ziga Besal";
				TargetAttributes = {
					00358D2D1EB499C100D38573 = {
						CreatedOnToolsVersion = 8.3.2;
						DevelopmentTeam = J8YFB2DX8S;
						ProvisioningStyle = Automatic;
					};
				};
			};
			buildConfigurationList = 00358D291EB499C100D38573 /* Build configuration list for PBXProject "Zboot" */;
			compatibilityVersion = "Xcode 3.2";
			developmentRegion = English;
			hasScannedForEncodings = 0;
			knownRegions = (
				en,
				Base,
			);
			mainGroup = 00358D251EB499C100D38573;
			productRefGroup = 00358D2F1EB499C100D38573 /* Products */;
			projectDirPath = "";
			projectRoot = "";
			targets = (
				00358D2D1EB499C100D38573 /* Zboot */,
			);
		};
/* End PBXProject section */

/* Begin PBXResourcesBuildPhase section */
		00358D2C1EB499C100D38573 /* Resources */ = {
			isa = PBXResourcesBuildPhase;
			buildActionMask = 2147483647;
			files = (
				00BE32F41EBA452500ADD880 /* PressStart2P-Regular.ttf in Resources */,
				00358D3C1EB499C100D38573 /* LaunchScreen.storyboard in Resources */,
				00358D391EB499C100D38573 /* Assets.xcassets in Resources */,
				00358D371EB499C100D38573 /* Main.storyboard in Resources */,
			);
			runOnlyForDeploymentPostprocessing = 0;
		};
/* End PBXResourcesBuildPhase section */

/* Begin PBXShellScriptBuildPhase section */
		9ACF53800AB9EFF4715A16FE /* [CP] Check Pods Manifest.lock */ = {
			isa = PBXShellScriptBuildPhase;
			buildActionMask = 2147483647;
			files = (
			);
			inputPaths = (
			);
			name = "[CP] Check Pods Manifest.lock";
			outputPaths = (
			);
			runOnlyForDeploymentPostprocessing = 0;
			shellPath = /bin/sh;
			shellScript = "diff \"${PODS_ROOT}/../Podfile.lock\" \"${PODS_ROOT}/Manifest.lock\" > /dev/null\nif [ $? != 0 ] ; then\n    # print error to STDERR\n    echo \"error: The sandbox is not in sync with the Podfile.lock. Run 'pod install' or update your CocoaPods installation.\" >&2\n    exit 1\nfi\n";
			showEnvVarsInLog = 0;
		};
		9EE6695B825936C9DA69FAEC /* [CP] Embed Pods Frameworks */ = {
			isa = PBXShellScriptBuildPhase;
			buildActionMask = 2147483647;
			files = (
			);
			inputPaths = (
			);
			name = "[CP] Embed Pods Frameworks";
			outputPaths = (
			);
			runOnlyForDeploymentPostprocessing = 0;
			shellPath = /bin/sh;
			shellScript = "\"${SRCROOT}/Pods/Target Support Files/Pods-Zboot/Pods-Zboot-frameworks.sh\"\n";
			showEnvVarsInLog = 0;
		};
		BB04B17396AA9ADE906AB3E9 /* [CP] Copy Pods Resources */ = {
			isa = PBXShellScriptBuildPhase;
			buildActionMask = 2147483647;
			files = (
			);
			inputPaths = (
			);
			name = "[CP] Copy Pods Resources";
			outputPaths = (
			);
			runOnlyForDeploymentPostprocessing = 0;
			shellPath = /bin/sh;
			shellScript = "\"${SRCROOT}/Pods/Target Support Files/Pods-Zboot/Pods-Zboot-resources.sh\"\n";
			showEnvVarsInLog = 0;
		};
/* End PBXShellScriptBuildPhase section */

/* Begin PBXSourcesBuildPhase section */
		00358D2A1EB499C100D38573 /* Sources */ = {
			isa = PBXSourcesBuildPhase;
			buildActionMask = 2147483647;
			files = (
				00358D341EB499C100D38573 /* GameViewController.swift in Sources */,
				00358D481EB4C60E00D38573 /* UIColor+Extensions.swift in Sources */,
				00A216311EBDCF4A0079AE30 /* HeartsView.swift in Sources */,
				00A216331EBDD2460079AE30 /* RainingItem.swift in Sources */,
				00358D321EB499C100D38573 /* AppDelegate.swift in Sources */,
				00A2162F1EBDC2CC0079AE30 /* MessagesUtils.swift in Sources */,
			);
			runOnlyForDeploymentPostprocessing = 0;
		};
/* End PBXSourcesBuildPhase section */

/* Begin PBXVariantGroup section */
		00358D351EB499C100D38573 /* Main.storyboard */ = {
			isa = PBXVariantGroup;
			children = (
				00358D361EB499C100D38573 /* Base */,
			);
			name = Main.storyboard;
			sourceTree = "<group>";
		};
		00358D3A1EB499C100D38573 /* LaunchScreen.storyboard */ = {
			isa = PBXVariantGroup;
			children = (
				00358D3B1EB499C100D38573 /* Base */,
			);
			name = LaunchScreen.storyboard;
			sourceTree = "<group>";
		};
/* End PBXVariantGroup section */

/* Begin XCBuildConfiguration section */
		00358D3E1EB499C100D38573 /* Debug */ = {
			isa = XCBuildConfiguration;
			buildSettings = {
				ALWAYS_SEARCH_USER_PATHS = NO;
				CLANG_ANALYZER_NONNULL = YES;
				CLANG_ANALYZER_NUMBER_OBJECT_CONVERSION = YES_AGGRESSIVE;
				CLANG_CXX_LANGUAGE_STANDARD = "gnu++0x";
				CLANG_CXX_LIBRARY = "libc++";
				CLANG_ENABLE_MODULES = YES;
				CLANG_ENABLE_OBJC_ARC = YES;
				CLANG_WARN_BOOL_CONVERSION = YES;
				CLANG_WARN_CONSTANT_CONVERSION = YES;
				CLANG_WARN_DIRECT_OBJC_ISA_USAGE = YES_ERROR;
				CLANG_WARN_DOCUMENTATION_COMMENTS = YES;
				CLANG_WARN_EMPTY_BODY = YES;
				CLANG_WARN_ENUM_CONVERSION = YES;
				CLANG_WARN_INFINITE_RECURSION = YES;
				CLANG_WARN_INT_CONVERSION = YES;
				CLANG_WARN_OBJC_ROOT_CLASS = YES_ERROR;
				CLANG_WARN_SUSPICIOUS_MOVE = YES;
				CLANG_WARN_UNREACHABLE_CODE = YES;
				CLANG_WARN__DUPLICATE_METHOD_MATCH = YES;
				"CODE_SIGN_IDENTITY[sdk=iphoneos*]" = "iPhone Developer";
				COPY_PHASE_STRIP = NO;
				DEBUG_INFORMATION_FORMAT = dwarf;
				ENABLE_STRICT_OBJC_MSGSEND = YES;
				ENABLE_TESTABILITY = YES;
				GCC_C_LANGUAGE_STANDARD = gnu99;
				GCC_DYNAMIC_NO_PIC = NO;
				GCC_NO_COMMON_BLOCKS = YES;
				GCC_OPTIMIZATION_LEVEL = 0;
				GCC_PREPROCESSOR_DEFINITIONS = (
					"DEBUG=1",
					"$(inherited)",
				);
				GCC_WARN_64_TO_32_BIT_CONVERSION = YES;
				GCC_WARN_ABOUT_RETURN_TYPE = YES_ERROR;
				GCC_WARN_UNDECLARED_SELECTOR = YES;
				GCC_WARN_UNINITIALIZED_AUTOS = YES_AGGRESSIVE;
				GCC_WARN_UNUSED_FUNCTION = YES;
				GCC_WARN_UNUSED_VARIABLE = YES;
				IPHONEOS_DEPLOYMENT_TARGET = 10.3;
				MTL_ENABLE_DEBUG_INFO = YES;
				ONLY_ACTIVE_ARCH = YES;
				SDKROOT = iphoneos;
				SWIFT_ACTIVE_COMPILATION_CONDITIONS = DEBUG;
				SWIFT_OPTIMIZATION_LEVEL = "-Onone";
				TARGETED_DEVICE_FAMILY = "1,2";
			};
			name = Debug;
		};
		00358D3F1EB499C100D38573 /* Release */ = {
			isa = XCBuildConfiguration;
			buildSettings = {
				ALWAYS_SEARCH_USER_PATHS = NO;
				CLANG_ANALYZER_NONNULL = YES;
				CLANG_ANALYZER_NUMBER_OBJECT_CONVERSION = YES_AGGRESSIVE;
				CLANG_CXX_LANGUAGE_STANDARD = "gnu++0x";
				CLANG_CXX_LIBRARY = "libc++";
				CLANG_ENABLE_MODULES = YES;
				CLANG_ENABLE_OBJC_ARC = YES;
				CLANG_WARN_BOOL_CONVERSION = YES;
				CLANG_WARN_CONSTANT_CONVERSION = YES;
				CLANG_WARN_DIRECT_OBJC_ISA_USAGE = YES_ERROR;
				CLANG_WARN_DOCUMENTATION_COMMENTS = YES;
				CLANG_WARN_EMPTY_BODY = YES;
				CLANG_WARN_ENUM_CONVERSION = YES;
				CLANG_WARN_INFINITE_RECURSION = YES;
				CLANG_WARN_INT_CONVERSION = YES;
				CLANG_WARN_OBJC_ROOT_CLASS = YES_ERROR;
				CLANG_WARN_SUSPICIOUS_MOVE = YES;
				CLANG_WARN_UNREACHABLE_CODE = YES;
				CLANG_WARN__DUPLICATE_METHOD_MATCH = YES;
				"CODE_SIGN_IDENTITY[sdk=iphoneos*]" = "iPhone Developer";
				COPY_PHASE_STRIP = NO;
				DEBUG_INFORMATION_FORMAT = "dwarf-with-dsym";
				ENABLE_NS_ASSERTIONS = NO;
				ENABLE_STRICT_OBJC_MSGSEND = YES;
				GCC_C_LANGUAGE_STANDARD = gnu99;
				GCC_NO_COMMON_BLOCKS = YES;
				GCC_WARN_64_TO_32_BIT_CONVERSION = YES;
				GCC_WARN_ABOUT_RETURN_TYPE = YES_ERROR;
				GCC_WARN_UNDECLARED_SELECTOR = YES;
				GCC_WARN_UNINITIALIZED_AUTOS = YES_AGGRESSIVE;
				GCC_WARN_UNUSED_FUNCTION = YES;
				GCC_WARN_UNUSED_VARIABLE = YES;
				IPHONEOS_DEPLOYMENT_TARGET = 10.3;
				MTL_ENABLE_DEBUG_INFO = NO;
				SDKROOT = iphoneos;
				SWIFT_OPTIMIZATION_LEVEL = "-Owholemodule";
				TARGETED_DEVICE_FAMILY = "1,2";
				VALIDATE_PRODUCT = YES;
			};
			name = Release;
		};
		00358D411EB499C200D38573 /* Debug */ = {
			isa = XCBuildConfiguration;
			baseConfigurationReference = E910DFF3E84BAFA703CEEAAB /* Pods-Zboot.debug.xcconfig */;
			buildSettings = {
				ASSETCATALOG_COMPILER_APPICON_NAME = AppIcon;
				DEVELOPMENT_TEAM = J8YFB2DX8S;
				INFOPLIST_FILE = Zboot/Info.plist;
				LD_RUNPATH_SEARCH_PATHS = "$(inherited) @executable_path/Frameworks";
				PRODUCT_BUNDLE_IDENTIFIER = com.ekranac.Zboot;
				PRODUCT_NAME = "$(TARGET_NAME)";
				SWIFT_VERSION = 3.0;
			};
			name = Debug;
		};
		00358D421EB499C200D38573 /* Release */ = {
			isa = XCBuildConfiguration;
			baseConfigurationReference = 4CA1368DBD2D16C2C33008B4 /* Pods-Zboot.release.xcconfig */;
			buildSettings = {
				ASSETCATALOG_COMPILER_APPICON_NAME = AppIcon;
				DEVELOPMENT_TEAM = J8YFB2DX8S;
				INFOPLIST_FILE = Zboot/Info.plist;
				LD_RUNPATH_SEARCH_PATHS = "$(inherited) @executable_path/Frameworks";
				PRODUCT_BUNDLE_IDENTIFIER = com.ekranac.Zboot;
				PRODUCT_NAME = "$(TARGET_NAME)";
				SWIFT_VERSION = 3.0;
			};
			name = Release;
		};
/* End XCBuildConfiguration section */

/* Begin XCConfigurationList section */
		00358D291EB499C100D38573 /* Build configuration list for PBXProject "Zboot" */ = {
			isa = XCConfigurationList;
			buildConfigurations = (
				00358D3E1EB499C100D38573 /* Debug */,
				00358D3F1EB499C100D38573 /* Release */,
			);
			defaultConfigurationIsVisible = 0;
			defaultConfigurationName = Release;
		};
		00358D401EB499C200D38573 /* Build configuration list for PBXNativeTarget "Zboot" */ = {
			isa = XCConfigurationList;
			buildConfigurations = (
				00358D411EB499C200D38573 /* Debug */,
				00358D421EB499C200D38573 /* Release */,
			);
			defaultConfigurationIsVisible = 0;
			defaultConfigurationName = Release;
		};
/* End XCConfigurationList section */
	};
	rootObject = 00358D261EB499C100D38573 /* Project object */;
}
